
Microsoft Visual Studio Solution File, Format Version 12.00
# Visual Studio Version 17
VisualStudioVersion = 17.0.31919.166
MinimumVisualStudioVersion = 10.0.40219.1
Project("{2150E333-8FDC-42A3-9474-1A3956D46DE8}") = "Services", "Services", "{F683D499-2D5B-4410-BB3D-77D02AA95D4C}"
EndProject
Project("{2150E333-8FDC-42A3-9474-1A3956D46DE8}") = "Catalog", "Catalog", "{524F7BE4-368C-4570-AFE9-C1B476C54616}"
EndProject
Project("{9A19103F-16F7-4668-BE54-9A1E7A4F7556}") = "Catalog.API", "Services\Catalog\Catalog.API\Catalog.API.csproj", "{08723188-A16A-4629-AFEC-4BB9E05F2C9D}"
EndProject
Project("{2150E333-8FDC-42A3-9474-1A3956D46DE8}") = "Shared", "Shared", "{6B48C814-900B-4CE0-A351-AF73C1B7A524}"
EndProject
Project("{9A19103F-16F7-4668-BE54-9A1E7A4F7556}") = "Shared", "Shared\Shared\Shared.csproj", "{C84FD128-3D96-4E38-99DA-0812C26B4077}"
EndProject
Project("{2150E333-8FDC-42A3-9474-1A3956D46DE8}") = "IdentityServer", "IdentityServer", "{86591E9E-53D0-48A8-8937-0DF5522ECAB9}"
EndProject
Project("{9A19103F-16F7-4668-BE54-9A1E7A4F7556}") = "IdentityServer", "IdentityServer\IdentityServer\IdentityServer.csproj", "{A09D9619-54A6-49A6-8A85-384CABCD5B86}"
EndProject
Project("{2150E333-8FDC-42A3-9474-1A3956D46DE8}") = "PhotoStock", "PhotoStock", "{CAFFDA0A-6BB1-476C-9F7A-62A9102A8A8B}"
EndProject
Project("{FAE04EC0-301F-11D3-BF4B-00C04F79EFBC}") = "PhotoStock.API", "Services\PhotoStock\PhotoStock.API\PhotoStock.API.csproj", "{362EE3A8-9C40-46F6-8848-6EF926C4775E}"
EndProject
Project("{2150E333-8FDC-42A3-9474-1A3956D46DE8}") = "Basket", "Basket", "{0006E53A-9EC2-436D-83A2-9EC51E007920}"
EndProject
Project("{FAE04EC0-301F-11D3-BF4B-00C04F79EFBC}") = "Basket.API", "Services\Basket\Basket.API\Basket.API.csproj", "{FB76CF4F-4093-484B-9E99-16E189A90CCA}"
EndProject
Global
	GlobalSection(SolutionConfigurationPlatforms) = preSolution
		Debug|Any CPU = Debug|Any CPU
		Release|Any CPU = Release|Any CPU
	EndGlobalSection
	GlobalSection(ProjectConfigurationPlatforms) = postSolution
		{08723188-A16A-4629-AFEC-4BB9E05F2C9D}.Debug|Any CPU.ActiveCfg = Debug|Any CPU
		{08723188-A16A-4629-AFEC-4BB9E05F2C9D}.Debug|Any CPU.Build.0 = Debug|Any CPU
		{08723188-A16A-4629-AFEC-4BB9E05F2C9D}.Release|Any CPU.ActiveCfg = Release|Any CPU
		{08723188-A16A-4629-AFEC-4BB9E05F2C9D}.Release|Any CPU.Build.0 = Release|Any CPU
		{C84FD128-3D96-4E38-99DA-0812C26B4077}.Debug|Any CPU.ActiveCfg = Debug|Any CPU
		{C84FD128-3D96-4E38-99DA-0812C26B4077}.Debug|Any CPU.Build.0 = Debug|Any CPU
		{C84FD128-3D96-4E38-99DA-0812C26B4077}.Release|Any CPU.ActiveCfg = Release|Any CPU
		{C84FD128-3D96-4E38-99DA-0812C26B4077}.Release|Any CPU.Build.0 = Release|Any CPU
		{A09D9619-54A6-49A6-8A85-384CABCD5B86}.Debug|Any CPU.ActiveCfg = Debug|Any CPU
		{A09D9619-54A6-49A6-8A85-384CABCD5B86}.Debug|Any CPU.Build.0 = Debug|Any CPU
		{A09D9619-54A6-49A6-8A85-384CABCD5B86}.Release|Any CPU.ActiveCfg = Release|Any CPU
		{A09D9619-54A6-49A6-8A85-384CABCD5B86}.Release|Any CPU.Build.0 = Release|Any CPU
		{362EE3A8-9C40-46F6-8848-6EF926C4775E}.Debug|Any CPU.ActiveCfg = Debug|Any CPU
		{362EE3A8-9C40-46F6-8848-6EF926C4775E}.Debug|Any CPU.Build.0 = Debug|Any CPU
		{362EE3A8-9C40-46F6-8848-6EF926C4775E}.Release|Any CPU.ActiveCfg = Release|Any CPU
		{362EE3A8-9C40-46F6-8848-6EF926C4775E}.Release|Any CPU.Build.0 = Release|Any CPU
		{FB76CF4F-4093-484B-9E99-16E189A90CCA}.Debug|Any CPU.ActiveCfg = Debug|Any CPU
		{FB76CF4F-4093-484B-9E99-16E189A90CCA}.Debug|Any CPU.Build.0 = Debug|Any CPU
		{FB76CF4F-4093-484B-9E99-16E189A90CCA}.Release|Any CPU.ActiveCfg = Release|Any CPU
		{FB76CF4F-4093-484B-9E99-16E189A90CCA}.Release|Any CPU.Build.0 = Release|Any CPU
	EndGlobalSection
	GlobalSection(SolutionProperties) = preSolution
		HideSolutionNode = FALSE
	EndGlobalSection
	GlobalSection(NestedProjects) = preSolution
		{524F7BE4-368C-4570-AFE9-C1B476C54616} = {F683D499-2D5B-4410-BB3D-77D02AA95D4C}
		{08723188-A16A-4629-AFEC-4BB9E05F2C9D} = {524F7BE4-368C-4570-AFE9-C1B476C54616}
		{C84FD128-3D96-4E38-99DA-0812C26B4077} = {6B48C814-900B-4CE0-A351-AF73C1B7A524}
		{A09D9619-54A6-49A6-8A85-384CABCD5B86} = {86591E9E-53D0-48A8-8937-0DF5522ECAB9}
		{CAFFDA0A-6BB1-476C-9F7A-62A9102A8A8B} = {F683D499-2D5B-4410-BB3D-77D02AA95D4C}
		{362EE3A8-9C40-46F6-8848-6EF926C4775E} = {CAFFDA0A-6BB1-476C-9F7A-62A9102A8A8B}
		{0006E53A-9EC2-436D-83A2-9EC51E007920} = {F683D499-2D5B-4410-BB3D-77D02AA95D4C}
		{FB76CF4F-4093-484B-9E99-16E189A90CCA} = {0006E53A-9EC2-436D-83A2-9EC51E007920}
	EndGlobalSection
	GlobalSection(ExtensibilityGlobals) = postSolution
		SolutionGuid = {5754E36B-C619-4121-AFF1-C99E34D4B689}
	EndGlobalSection
EndGlobal
